
Microsoft Visual Studio Solution File, Format Version 12.00
# Visual Studio Version 16
VisualStudioVersion = 16.0.32228.343
MinimumVisualStudioVersion = 10.0.40219.1
Project("{FAE04EC0-301F-11D3-BF4B-00C04F79EFBC}") = "Exceptions-Practice", "Exceptions-Practice\Exceptions-Practice.csproj", "{F076EF60-A82E-4962-ABF8-8FF042CF762D}"
EndProject
Global
	GlobalSection(SolutionConfigurationPlatforms) = preSolution
		Debug|Any CPU = Debug|Any CPU
		Release|Any CPU = Release|Any CPU
	EndGlobalSection
	GlobalSection(ProjectConfigurationPlatforms) = postSolution
		{F076EF60-A82E-4962-ABF8-8FF042CF762D}.Debug|Any CPU.ActiveCfg = Debug|Any CPU
		{F076EF60-A82E-4962-ABF8-8FF042CF762D}.Debug|Any CPU.Build.0 = Debug|Any CPU
		{F076EF60-A82E-4962-ABF8-8FF042CF762D}.Release|Any CPU.ActiveCfg = Release|Any CPU
		{F076EF60-A82E-4962-ABF8-8FF042CF762D}.Release|Any CPU.Build.0 = Release|Any CPU
	EndGlobalSection
	GlobalSection(SolutionProperties) = preSolution
		HideSolutionNode = FALSE
	EndGlobalSection
	GlobalSection(ExtensibilityGlobals) = postSolution
		SolutionGuid = {BBC78E12-E09B-465F-8871-E8DAF0F6948C}
	EndGlobalSection
EndGlobal
